
Microsoft Visual Studio Solution File, Format Version 12.00
# Visual Studio Version 17
VisualStudioVersion = 17.5.002.0
MinimumVisualStudioVersion = 10.0.40219.1
Project("{9A19103F-16F7-4668-BE54-9A1E7A4F7556}") = "StudentListWithLinq", "StudentListWithLinq.csproj", "{2F99A5A1-5FFA-4A31-86F7-FA63751F7FAB}"
EndProject
Global
	GlobalSection(SolutionConfigurationPlatforms) = preSolution
		Debug|Any CPU = Debug|Any CPU
		Release|Any CPU = Release|Any CPU
	EndGlobalSection
	GlobalSection(ProjectConfigurationPlatforms) = postSolution
		{2F99A5A1-5FFA-4A31-86F7-FA63751F7FAB}.Debug|Any CPU.ActiveCfg = Debug|Any CPU
		{2F99A5A1-5FFA-4A31-86F7-FA63751F7FAB}.Debug|Any CPU.Build.0 = Debug|Any CPU
		{2F99A5A1-5FFA-4A31-86F7-FA63751F7FAB}.Release|Any CPU.ActiveCfg = Release|Any CPU
		{2F99A5A1-5FFA-4A31-86F7-FA63751F7FAB}.Release|Any CPU.Build.0 = Release|Any CPU
	EndGlobalSection
	GlobalSection(SolutionProperties) = preSolution
		HideSolutionNode = FALSE
	EndGlobalSection
	GlobalSection(ExtensibilityGlobals) = postSolution
		SolutionGuid = {0DEC62A7-B12D-48A6-BDC4-0B06F8315C6D}
	EndGlobalSection
EndGlobal
